{
  "version": "5",
  "specifiers": {
    "npm:@openrouter/ai-sdk-provider@3": "3.0.0_ai@7.0.84__zod@4.5.2_zod@4.5.2",
    "npm:ai@^7.0.84": "7.0.84_zod@4.5.2",
    "npm:hono@^4.13.5": "4.13.5"
  },
  "npm": {
    "@ai-sdk/gateway@4.0.68_zod@4.5.2": {
      "integrity": "sha512-XKvZv6HFoMOWK64zXMaQatk4SxBzBDkGg7enXPWsCkxqPP4zDhFewOoBKasf3FPnZP9ceE+Yj3BgW925blAWtw==",
      "dependencies": [
        "@ai-sdk/provider",
        "@ai-sdk/provider-utils",
        "@vercel/oidc",
        "zod"
      ]
    },
    "@ai-sdk/provider-utils@5.0.33_zod@4.5.2": {
      "integrity": "sha512-TfjJqJmRsQyxAlb+3hGmP1o1xLUIT79yhOgtJuTF4hqsB37IC3CufGsuFhU04EeTOg7R9iptQ6Bzm0MW0n/c3g==",
      "dependencies": [
        "@ai-sdk/provider",
        "@standard-schema/spec",
        "@workflow/serde",
        "eventsource-parser",
        "undici",
        "zod"
      ]
    },
    "@ai-sdk/provider@4.0.8": {
      "integrity": "sha512-aWO7iwhFUGf347tCwNGggggfmZigaSu7TF739IZSrWWABUp7zkb4Cr3fMqvBe5EIS7ABJJu3Cadn0g/zs1G0QQ==",
      "dependencies": [
        "json-schema"
      ]
    },
    "@openrouter/ai-sdk-provider@3.0.0_ai@7.0.84__zod@4.5.2_zod@4.5.2": {
      "integrity": "sha512-m9XTSWoODH2RM5OsZpaGiN7QRR8cdP5paBWq699Tu3JVmGPBKT8xF8XwV0ZBVVsjikD/JgWfak4VSsTR4wAVbg==",
      "dependencies": [
        "ai",
        "zod"
      ]
    },
    "@standard-schema/spec@1.1.0": {
      "integrity": "sha512-l2aFy5jALhniG5HgqrD6jXLi/rUWrKvqN/qJx6yoJsgKhblVd+iqqU4RCXavm/jPityDo5TCvKMnpjKnOriy0w=="
    },
    "@vercel/oidc@3.2.0": {
      "integrity": "sha512-UycprH3T6n3jH0k44NHMa7pnFHGu/N05MjojYr+Mc6I7obkoLIJujSWwin1pCvdy/eOxrI/l3uDLQsmcrOb4ug=="
    },
    "@workflow/serde@4.1.0": {
      "integrity": "sha512-pav4F2BoirECWR7Nf1TKt+2eETcBj7jj4cBefQ8VXQCA6NPkaKeLfj/zMgi+3zYV5ZIBT4GuUiphsj0/b9hPQQ=="
    },
    "ai@7.0.84_zod@4.5.2": {
      "integrity": "sha512-znHNBWADOy79k8EK7636kDm5LmnjF4tMzegC2TfmlLDobDZbs0z0OXD2sxtH3eDTp5Re+pJQESvjinWJ6+kadQ==",
      "dependencies": [
        "@ai-sdk/gateway",
        "@ai-sdk/provider",
        "@ai-sdk/provider-utils",
        "zod"
      ]
    },
    "eventsource-parser@3.1.1": {
      "integrity": "sha512-EKN1vKAMcZ8MlYMpaNuxN6R9yakzH6uajHcHVTqWJzvu5pWw9DyhbP35HH8MVBQ+dZjAfDxk+A8NiR9KWaXiyQ=="
    },
    "hono@4.13.5": {
      "integrity": "sha512-O6+/eCYRkzzzy0rPWwKLiGBR1nFuUPZynnwjxN1MBA62NNqbT0wQEzQyK2gSO5yDIDB336sXQleAhOHrzlYyKw=="
    },
    "json-schema@0.4.0": {
      "integrity": "sha512-es94M3nTIfsEPisRafak+HDLfHXnKBhV3vU5eqPcS3flIWqcxJWgXHXiey3YrpaNsanY5ei1VoYEbOzijuq9BA=="
    },
    "undici@7.29.0": {
      "integrity": "sha512-IDxfleLmmbSskfWSUATiN1nfn2rDuvnMOqb5CWR92iIfojA0Ud+ulOAAEQ57LPr9rWmsreUyf5lwyao+7GNNVw=="
    },
    "zod@4.5.2": {
      "integrity": "sha512-XkYXCol10+ba/6F/cueWV+TezUeOqXW0hdeJt5CdXjTYeAgAQg5N03RQdJ80mhfFE72+pblvYMW4wy2Qp4Qbrg=="
    }
  },
  "workspace": {
    "dependencies": [
      "npm:@openrouter/ai-sdk-provider@3",
      "npm:ai@^7.0.84",
      "npm:hono@^4.13.5"
    ]
  }
}
